
Microsoft Visual Studio Solution File, Format Version 12.00
# Visual Studio Version 16
VisualStudioVersion = 16.0.30114.105
MinimumVisualStudioVersion = 10.0.40219.1
Project("{2150E333-8FDC-42A3-9474-1A3956D46DE8}") = "src", "src", "{5E605BE5-AF14-4A58-89AC-528CF7393266}"
EndProject
Project("{9A19103F-16F7-4668-BE54-9A1E7A4F7556}") = "EasyTemplateCore.Data", "src\EasyTemplateCore.Data\EasyTemplateCore.Data.csproj", "{91F9DCEC-3E36-4C50-971C-5CB3907E2E2C}"
EndProject
Project("{9A19103F-16F7-4668-BE54-9A1E7A4F7556}") = "EasyTemplateCore.Dtos", "src\EasyTemplateCore.Dtos\EasyTemplateCore.Dtos.csproj", "{8D093D3F-8952-49FE-86E3-B24881C22A7E}"
EndProject
Project("{9A19103F-16F7-4668-BE54-9A1E7A4F7556}") = "EasyTemplateCore.Entities", "src\EasyTemplateCore.Entities\EasyTemplateCore.Entities.csproj", "{AB90BF24-A58B-4763-B3C5-3A144D8AA855}"
EndProject
Project("{9A19103F-16F7-4668-BE54-9A1E7A4F7556}") = "EasyTemplateCore.Services", "src\EasyTemplateCore.Services\EasyTemplateCore.Services.csproj", "{DD823C74-BE17-4373-982D-CE1366881631}"
EndProject
Project("{9A19103F-16F7-4668-BE54-9A1E7A4F7556}") = "EasyTemplateCore.Web", "src\EasyTemplateCore.Web\EasyTemplateCore.Web.csproj", "{1741E929-24C1-41CF-9404-21B0BC1DF2C3}"
EndProject
Project("{9A19103F-16F7-4668-BE54-9A1E7A4F7556}") = "EasyTemplateCore.Web.Framework", "src\EasyTemplateCore.Web.Framework\EasyTemplateCore.Web.Framework.csproj", "{F07B7B90-295D-45B9-8752-65CD6D228B43}"
EndProject
Project("{9A19103F-16F7-4668-BE54-9A1E7A4F7556}") = "EasyTemplateCore.Services.Tests", "tests\EasyTemplateCore.Services.Tests\EasyTemplateCore.Services.Tests.csproj", "{D2137762-0D9D-4AA2-B3E0-E43B11A3CCB5}"
EndProject
Project("{2150E333-8FDC-42A3-9474-1A3956D46DE8}") = "tests", "tests", "{EC7B92A0-2EC7-4DC7-8617-144FBEC2692E}"
EndProject
Project("{9A19103F-16F7-4668-BE54-9A1E7A4F7556}") = "EasyTemplateCore.Data.SqlServer", "src\EasyTemplateCore.Data.SqlServer\EasyTemplateCore.Data.SqlServer.csproj", "{EF39EE7E-2A55-48F9-8606-611184F7F37C}"
EndProject
Project("{9A19103F-16F7-4668-BE54-9A1E7A4F7556}") = "EasyTemplateCore.Data.PostgreSql", "src\EasyTemplateCore.Data.PostgreSql\EasyTemplateCore.Data.PostgreSql.csproj", "{A44D0C52-6EFB-4F7B-9239-8876524177E8}"
EndProject
Project("{9A19103F-16F7-4668-BE54-9A1E7A4F7556}") = "EasyTemplateCore.Data.MySql", "src\EasyTemplateCore.Data.MySql\EasyTemplateCore.Data.MySql.csproj", "{79E6F246-738E-44FD-9EE7-600BDCDCBA3D}"
EndProject
Project("{FAE04EC0-301F-11D3-BF4B-00C04F79EFBC}") = "EasyTemplateCore.Web.IntegrationTests", "tests\EasyTemplateCore.Web.IntegrationTests\EasyTemplateCore.Web.IntegrationTests.csproj", "{0EEF5F76-3CF2-4351-A2FC-6463D2687339}"
EndProject
Global
	GlobalSection(SolutionConfigurationPlatforms) = preSolution
		Debug|Any CPU = Debug|Any CPU
		Debug|x64 = Debug|x64
		Debug|x86 = Debug|x86
		Release|Any CPU = Release|Any CPU
		Release|x64 = Release|x64
		Release|x86 = Release|x86
	EndGlobalSection
	GlobalSection(ProjectConfigurationPlatforms) = postSolution
		{91F9DCEC-3E36-4C50-971C-5CB3907E2E2C}.Debug|Any CPU.ActiveCfg = Debug|Any CPU
		{91F9DCEC-3E36-4C50-971C-5CB3907E2E2C}.Debug|Any CPU.Build.0 = Debug|Any CPU
		{91F9DCEC-3E36-4C50-971C-5CB3907E2E2C}.Debug|x64.ActiveCfg = Debug|Any CPU
		{91F9DCEC-3E36-4C50-971C-5CB3907E2E2C}.Debug|x64.Build.0 = Debug|Any CPU
		{91F9DCEC-3E36-4C50-971C-5CB3907E2E2C}.Debug|x86.ActiveCfg = Debug|Any CPU
		{91F9DCEC-3E36-4C50-971C-5CB3907E2E2C}.Debug|x86.Build.0 = Debug|Any CPU
		{91F9DCEC-3E36-4C50-971C-5CB3907E2E2C}.Release|Any CPU.ActiveCfg = Release|Any CPU
		{91F9DCEC-3E36-4C50-971C-5CB3907E2E2C}.Release|Any CPU.Build.0 = Release|Any CPU
		{91F9DCEC-3E36-4C50-971C-5CB3907E2E2C}.Release|x64.ActiveCfg = Release|Any CPU
		{91F9DCEC-3E36-4C50-971C-5CB3907E2E2C}.Release|x64.Build.0 = Release|Any CPU
		{91F9DCEC-3E36-4C50-971C-5CB3907E2E2C}.Release|x86.ActiveCfg = Release|Any CPU
		{91F9DCEC-3E36-4C50-971C-5CB3907E2E2C}.Release|x86.Build.0 = Release|Any CPU
		{8D093D3F-8952-49FE-86E3-B24881C22A7E}.Debug|Any CPU.ActiveCfg = Debug|Any CPU
		{8D093D3F-8952-49FE-86E3-B24881C22A7E}.Debug|Any CPU.Build.0 = Debug|Any CPU
		{8D093D3F-8952-49FE-86E3-B24881C22A7E}.Debug|x64.ActiveCfg = Debug|Any CPU
		{8D093D3F-8952-49FE-86E3-B24881C22A7E}.Debug|x64.Build.0 = Debug|Any CPU
		{8D093D3F-8952-49FE-86E3-B24881C22A7E}.Debug|x86.ActiveCfg = Debug|Any CPU
		{8D093D3F-8952-49FE-86E3-B24881C22A7E}.Debug|x86.Build.0 = Debug|Any CPU
		{8D093D3F-8952-49FE-86E3-B24881C22A7E}.Release|Any CPU.ActiveCfg = Release|Any CPU
		{8D093D3F-8952-49FE-86E3-B24881C22A7E}.Release|Any CPU.Build.0 = Release|Any CPU
		{8D093D3F-8952-49FE-86E3-B24881C22A7E}.Release|x64.ActiveCfg = Release|Any CPU
		{8D093D3F-8952-49FE-86E3-B24881C22A7E}.Release|x64.Build.0 = Release|Any CPU
		{8D093D3F-8952-49FE-86E3-B24881C22A7E}.Release|x86.ActiveCfg = Release|Any CPU
		{8D093D3F-8952-49FE-86E3-B24881C22A7E}.Release|x86.Build.0 = Release|Any CPU
		{AB90BF24-A58B-4763-B3C5-3A144D8AA855}.Debug|Any CPU.ActiveCfg = Debug|Any CPU
		{AB90BF24-A58B-4763-B3C5-3A144D8AA855}.Debug|Any CPU.Build.0 = Debug|Any CPU
		{AB90BF24-A58B-4763-B3C5-3A144D8AA855}.Debug|x64.ActiveCfg = Debug|Any CPU
		{AB90BF24-A58B-4763-B3C5-3A144D8AA855}.Debug|x64.Build.0 = Debug|Any CPU
		{AB90BF24-A58B-4763-B3C5-3A144D8AA855}.Debug|x86.ActiveCfg = Debug|Any CPU
		{AB90BF24-A58B-4763-B3C5-3A144D8AA855}.Debug|x86.Build.0 = Debug|Any CPU
		{AB90BF24-A58B-4763-B3C5-3A144D8AA855}.Release|Any CPU.ActiveCfg = Release|Any CPU
		{AB90BF24-A58B-4763-B3C5-3A144D8AA855}.Release|Any CPU.Build.0 = Release|Any CPU
		{AB90BF24-A58B-4763-B3C5-3A144D8AA855}.Release|x64.ActiveCfg = Release|Any CPU
		{AB90BF24-A58B-4763-B3C5-3A144D8AA855}.Release|x64.Build.0 = Release|Any CPU
		{AB90BF24-A58B-4763-B3C5-3A144D8AA855}.Release|x86.ActiveCfg = Release|Any CPU
		{AB90BF24-A58B-4763-B3C5-3A144D8AA855}.Release|x86.Build.0 = Release|Any CPU
		{DD823C74-BE17-4373-982D-CE1366881631}.Debug|Any CPU.ActiveCfg = Debug|Any CPU
		{DD823C74-BE17-4373-982D-CE1366881631}.Debug|Any CPU.Build.0 = Debug|Any CPU
		{DD823C74-BE17-4373-982D-CE1366881631}.Debug|x64.ActiveCfg = Debug|Any CPU
		{DD823C74-BE17-4373-982D-CE1366881631}.Debug|x64.Build.0 = Debug|Any CPU
		{DD823C74-BE17-4373-982D-CE1366881631}.Debug|x86.ActiveCfg = Debug|Any CPU
		{DD823C74-BE17-4373-982D-CE1366881631}.Debug|x86.Build.0 = Debug|Any CPU
		{DD823C74-BE17-4373-982D-CE1366881631}.Release|Any CPU.ActiveCfg = Release|Any CPU
		{DD823C74-BE17-4373-982D-CE1366881631}.Release|Any CPU.Build.0 = Release|Any CPU
		{DD823C74-BE17-4373-982D-CE1366881631}.Release|x64.ActiveCfg = Release|Any CPU
		{DD823C74-BE17-4373-982D-CE1366881631}.Release|x64.Build.0 = Release|Any CPU
		{DD823C74-BE17-4373-982D-CE1366881631}.Release|x86.ActiveCfg = Release|Any CPU
		{DD823C74-BE17-4373-982D-CE1366881631}.Release|x86.Build.0 = Release|Any CPU
		{1741E929-24C1-41CF-9404-21B0BC1DF2C3}.Debug|Any CPU.ActiveCfg = Debug|Any CPU
		{1741E929-24C1-41CF-9404-21B0BC1DF2C3}.Debug|Any CPU.Build.0 = Debug|Any CPU
		{1741E929-24C1-41CF-9404-21B0BC1DF2C3}.Debug|x64.ActiveCfg = Debug|Any CPU
		{1741E929-24C1-41CF-9404-21B0BC1DF2C3}.Debug|x64.Build.0 = Debug|Any CPU
		{1741E929-24C1-41CF-9404-21B0BC1DF2C3}.Debug|x86.ActiveCfg = Debug|Any CPU
		{1741E929-24C1-41CF-9404-21B0BC1DF2C3}.Debug|x86.Build.0 = Debug|Any CPU
		{1741E929-24C1-41CF-9404-21B0BC1DF2C3}.Release|Any CPU.ActiveCfg = Release|Any CPU
		{1741E929-24C1-41CF-9404-21B0BC1DF2C3}.Release|Any CPU.Build.0 = Release|Any CPU
		{1741E929-24C1-41CF-9404-21B0BC1DF2C3}.Release|x64.ActiveCfg = Release|Any CPU
		{1741E929-24C1-41CF-9404-21B0BC1DF2C3}.Release|x64.Build.0 = Release|Any CPU
		{1741E929-24C1-41CF-9404-21B0BC1DF2C3}.Release|x86.ActiveCfg = Release|Any CPU
		{1741E929-24C1-41CF-9404-21B0BC1DF2C3}.Release|x86.Build.0 = Release|Any CPU
		{F07B7B90-295D-45B9-8752-65CD6D228B43}.Debug|Any CPU.ActiveCfg = Debug|Any CPU
		{F07B7B90-295D-45B9-8752-65CD6D228B43}.Debug|Any CPU.Build.0 = Debug|Any CPU
		{F07B7B90-295D-45B9-8752-65CD6D228B43}.Debug|x64.ActiveCfg = Debug|Any CPU
		{F07B7B90-295D-45B9-8752-65CD6D228B43}.Debug|x64.Build.0 = Debug|Any CPU
		{F07B7B90-295D-45B9-8752-65CD6D228B43}.Debug|x86.ActiveCfg = Debug|Any CPU
		{F07B7B90-295D-45B9-8752-65CD6D228B43}.Debug|x86.Build.0 = Debug|Any CPU
		{F07B7B90-295D-45B9-8752-65CD6D228B43}.Release|Any CPU.ActiveCfg = Release|Any CPU
		{F07B7B90-295D-45B9-8752-65CD6D228B43}.Release|Any CPU.Build.0 = Release|Any CPU
		{F07B7B90-295D-45B9-8752-65CD6D228B43}.Release|x64.ActiveCfg = Release|Any CPU
		{F07B7B90-295D-45B9-8752-65CD6D228B43}.Release|x64.Build.0 = Release|Any CPU
		{F07B7B90-295D-45B9-8752-65CD6D228B43}.Release|x86.ActiveCfg = Release|Any CPU
		{F07B7B90-295D-45B9-8752-65CD6D228B43}.Release|x86.Build.0 = Release|Any CPU
		{D2137762-0D9D-4AA2-B3E0-E43B11A3CCB5}.Debug|Any CPU.ActiveCfg = Debug|Any CPU
		{D2137762-0D9D-4AA2-B3E0-E43B11A3CCB5}.Debug|Any CPU.Build.0 = Debug|Any CPU
		{D2137762-0D9D-4AA2-B3E0-E43B11A3CCB5}.Debug|x64.ActiveCfg = Debug|Any CPU
		{D2137762-0D9D-4AA2-B3E0-E43B11A3CCB5}.Debug|x64.Build.0 = Debug|Any CPU
		{D2137762-0D9D-4AA2-B3E0-E43B11A3CCB5}.Debug|x86.ActiveCfg = Debug|Any CPU
		{D2137762-0D9D-4AA2-B3E0-E43B11A3CCB5}.Debug|x86.Build.0 = Debug|Any CPU
		{D2137762-0D9D-4AA2-B3E0-E43B11A3CCB5}.Release|Any CPU.ActiveCfg = Release|Any CPU
		{D2137762-0D9D-4AA2-B3E0-E43B11A3CCB5}.Release|Any CPU.Build.0 = Release|Any CPU
		{D2137762-0D9D-4AA2-B3E0-E43B11A3CCB5}.Release|x64.ActiveCfg = Release|Any CPU
		{D2137762-0D9D-4AA2-B3E0-E43B11A3CCB5}.Release|x64.Build.0 = Release|Any CPU
		{D2137762-0D9D-4AA2-B3E0-E43B11A3CCB5}.Release|x86.ActiveCfg = Release|Any CPU
		{D2137762-0D9D-4AA2-B3E0-E43B11A3CCB5}.Release|x86.Build.0 = Release|Any CPU
		{EF39EE7E-2A55-48F9-8606-611184F7F37C}.Debug|Any CPU.ActiveCfg = Debug|Any CPU
		{EF39EE7E-2A55-48F9-8606-611184F7F37C}.Debug|Any CPU.Build.0 = Debug|Any CPU
		{EF39EE7E-2A55-48F9-8606-611184F7F37C}.Debug|x64.ActiveCfg = Debug|Any CPU
		{EF39EE7E-2A55-48F9-8606-611184F7F37C}.Debug|x64.Build.0 = Debug|Any CPU
		{EF39EE7E-2A55-48F9-8606-611184F7F37C}.Debug|x86.ActiveCfg = Debug|Any CPU
		{EF39EE7E-2A55-48F9-8606-611184F7F37C}.Debug|x86.Build.0 = Debug|Any CPU
		{EF39EE7E-2A55-48F9-8606-611184F7F37C}.Release|Any CPU.ActiveCfg = Release|Any CPU
		{EF39EE7E-2A55-48F9-8606-611184F7F37C}.Release|Any CPU.Build.0 = Release|Any CPU
		{EF39EE7E-2A55-48F9-8606-611184F7F37C}.Release|x64.ActiveCfg = Release|Any CPU
		{EF39EE7E-2A55-48F9-8606-611184F7F37C}.Release|x64.Build.0 = Release|Any CPU
		{EF39EE7E-2A55-48F9-8606-611184F7F37C}.Release|x86.ActiveCfg = Release|Any CPU
		{EF39EE7E-2A55-48F9-8606-611184F7F37C}.Release|x86.Build.0 = Release|Any CPU
		{A44D0C52-6EFB-4F7B-9239-8876524177E8}.Debug|Any CPU.ActiveCfg = Debug|Any CPU
		{A44D0C52-6EFB-4F7B-9239-8876524177E8}.Debug|Any CPU.Build.0 = Debug|Any CPU
		{A44D0C52-6EFB-4F7B-9239-8876524177E8}.Debug|x64.ActiveCfg = Debug|Any CPU
		{A44D0C52-6EFB-4F7B-9239-8876524177E8}.Debug|x64.Build.0 = Debug|Any CPU
		{A44D0C52-6EFB-4F7B-9239-8876524177E8}.Debug|x86.ActiveCfg = Debug|Any CPU
		{A44D0C52-6EFB-4F7B-9239-8876524177E8}.Debug|x86.Build.0 = Debug|Any CPU
		{A44D0C52-6EFB-4F7B-9239-8876524177E8}.Release|Any CPU.ActiveCfg = Release|Any CPU
		{A44D0C52-6EFB-4F7B-9239-8876524177E8}.Release|Any CPU.Build.0 = Release|Any CPU
		{A44D0C52-6EFB-4F7B-9239-8876524177E8}.Release|x64.ActiveCfg = Release|Any CPU
		{A44D0C52-6EFB-4F7B-9239-8876524177E8}.Release|x64.Build.0 = Release|Any CPU
		{A44D0C52-6EFB-4F7B-9239-8876524177E8}.Release|x86.ActiveCfg = Release|Any CPU
		{A44D0C52-6EFB-4F7B-9239-8876524177E8}.Release|x86.Build.0 = Release|Any CPU
		{79E6F246-738E-44FD-9EE7-600BDCDCBA3D}.Debug|Any CPU.ActiveCfg = Debug|Any CPU
		{79E6F246-738E-44FD-9EE7-600BDCDCBA3D}.Debug|Any CPU.Build.0 = Debug|Any CPU
		{79E6F246-738E-44FD-9EE7-600BDCDCBA3D}.Debug|x64.ActiveCfg = Debug|Any CPU
		{79E6F246-738E-44FD-9EE7-600BDCDCBA3D}.Debug|x64.Build.0 = Debug|Any CPU
		{79E6F246-738E-44FD-9EE7-600BDCDCBA3D}.Debug|x86.ActiveCfg = Debug|Any CPU
		{79E6F246-738E-44FD-9EE7-600BDCDCBA3D}.Debug|x86.Build.0 = Debug|Any CPU
		{79E6F246-738E-44FD-9EE7-600BDCDCBA3D}.Release|Any CPU.ActiveCfg = Release|Any CPU
		{79E6F246-738E-44FD-9EE7-600BDCDCBA3D}.Release|Any CPU.Build.0 = Release|Any CPU
		{79E6F246-738E-44FD-9EE7-600BDCDCBA3D}.Release|x64.ActiveCfg = Release|Any CPU
		{79E6F246-738E-44FD-9EE7-600BDCDCBA3D}.Release|x64.Build.0 = Release|Any CPU
		{79E6F246-738E-44FD-9EE7-600BDCDCBA3D}.Release|x86.ActiveCfg = Release|Any CPU
		{79E6F246-738E-44FD-9EE7-600BDCDCBA3D}.Release|x86.Build.0 = Release|Any CPU
		{0EEF5F76-3CF2-4351-A2FC-6463D2687339}.Debug|Any CPU.ActiveCfg = Debug|Any CPU
		{0EEF5F76-3CF2-4351-A2FC-6463D2687339}.Debug|Any CPU.Build.0 = Debug|Any CPU
		{0EEF5F76-3CF2-4351-A2FC-6463D2687339}.Debug|x64.ActiveCfg = Debug|Any CPU
		{0EEF5F76-3CF2-4351-A2FC-6463D2687339}.Debug|x64.Build.0 = Debug|Any CPU
		{0EEF5F76-3CF2-4351-A2FC-6463D2687339}.Debug|x86.ActiveCfg = Debug|Any CPU
		{0EEF5F76-3CF2-4351-A2FC-6463D2687339}.Debug|x86.Build.0 = Debug|Any CPU
		{0EEF5F76-3CF2-4351-A2FC-6463D2687339}.Release|Any CPU.ActiveCfg = Release|Any CPU
		{0EEF5F76-3CF2-4351-A2FC-6463D2687339}.Release|Any CPU.Build.0 = Release|Any CPU
		{0EEF5F76-3CF2-4351-A2FC-6463D2687339}.Release|x64.ActiveCfg = Release|Any CPU
		{0EEF5F76-3CF2-4351-A2FC-6463D2687339}.Release|x64.Build.0 = Release|Any CPU
		{0EEF5F76-3CF2-4351-A2FC-6463D2687339}.Release|x86.ActiveCfg = Release|Any CPU
		{0EEF5F76-3CF2-4351-A2FC-6463D2687339}.Release|x86.Build.0 = Release|Any CPU
	EndGlobalSection
	GlobalSection(SolutionProperties) = preSolution
		HideSolutionNode = FALSE
	EndGlobalSection
	GlobalSection(NestedProjects) = preSolution
		{91F9DCEC-3E36-4C50-971C-5CB3907E2E2C} = {5E605BE5-AF14-4A58-89AC-528CF7393266}
		{8D093D3F-8952-49FE-86E3-B24881C22A7E} = {5E605BE5-AF14-4A58-89AC-528CF7393266}
		{AB90BF24-A58B-4763-B3C5-3A144D8AA855} = {5E605BE5-AF14-4A58-89AC-528CF7393266}
		{DD823C74-BE17-4373-982D-CE1366881631} = {5E605BE5-AF14-4A58-89AC-528CF7393266}
		{1741E929-24C1-41CF-9404-21B0BC1DF2C3} = {5E605BE5-AF14-4A58-89AC-528CF7393266}
		{F07B7B90-295D-45B9-8752-65CD6D228B43} = {5E605BE5-AF14-4A58-89AC-528CF7393266}
		{D2137762-0D9D-4AA2-B3E0-E43B11A3CCB5} = {EC7B92A0-2EC7-4DC7-8617-144FBEC2692E}
		{EF39EE7E-2A55-48F9-8606-611184F7F37C} = {5E605BE5-AF14-4A58-89AC-528CF7393266}
		{A44D0C52-6EFB-4F7B-9239-8876524177E8} = {5E605BE5-AF14-4A58-89AC-528CF7393266}
		{79E6F246-738E-44FD-9EE7-600BDCDCBA3D} = {5E605BE5-AF14-4A58-89AC-528CF7393266}
		{0EEF5F76-3CF2-4351-A2FC-6463D2687339} = {EC7B92A0-2EC7-4DC7-8617-144FBEC2692E}
	EndGlobalSection
	GlobalSection(ExtensibilityGlobals) = postSolution
		SolutionGuid = {3BEE156F-B6DA-4ABD-9567-4978A95DE3C5}
	EndGlobalSection
EndGlobal
